// !$*UTF8*$!
{
	archiveVersion = 1;
	classes = {
	};
	objectVersion = 50;
	objects = {

/* Begin PBXBuildFile section */
		020F1AF421DE53BB00C35E58 /* TaskCell.swift in Sources */ = {isa = PBXBuildFile; fileRef = 020F1AF321DE53BB00C35E58 /* TaskCell.swift */; };
		0265137021DCB662007A8227 /* DateTimeViewController.swift in Sources */ = {isa = PBXBuildFile; fileRef = 0265136F21DCB662007A8227 /* DateTimeViewController.swift */; };
		027C63BB21DC22E6003EED6A /* AddTodoViewController.swift in Sources */ = {isa = PBXBuildFile; fileRef = 027C63BA21DC22E6003EED6A /* AddTodoViewController.swift */; };
		02E5BB2221DB88F400EAEF93 /* AppDelegate.swift in Sources */ = {isa = PBXBuildFile; fileRef = 02E5BB2121DB88F400EAEF93 /* AppDelegate.swift */; };
		02E5BB2721DB88F400EAEF93 /* Main.storyboard in Resources */ = {isa = PBXBuildFile; fileRef = 02E5BB2521DB88F400EAEF93 /* Main.storyboard */; };
		02E5BB2921DB88F800EAEF93 /* Assets.xcassets in Resources */ = {isa = PBXBuildFile; fileRef = 02E5BB2821DB88F800EAEF93 /* Assets.xcassets */; };
		02E5BB2C21DB88F800EAEF93 /* LaunchScreen.storyboard in Resources */ = {isa = PBXBuildFile; fileRef = 02E5BB2A21DB88F800EAEF93 /* LaunchScreen.storyboard */; };
		02E5BB3721DB88F800EAEF93 /* MinimalTodoTests.swift in Sources */ = {isa = PBXBuildFile; fileRef = 02E5BB3621DB88F800EAEF93 /* MinimalTodoTests.swift */; };
		02E5BB4221DB88F800EAEF93 /* MinimalTodoUITests.swift in Sources */ = {isa = PBXBuildFile; fileRef = 02E5BB4121DB88F800EAEF93 /* MinimalTodoUITests.swift */; };
		02E5BB6821DB89F500EAEF93 /* SQLite.framework in Frameworks */ = {isa = PBXBuildFile; fileRef = 02E5BB5A21DB894E00EAEF93 /* SQLite.framework */; };
		02E5BB6921DB89FB00EAEF93 /* SQLite.framework in Frameworks */ = {isa = PBXBuildFile; fileRef = 02E5BB5A21DB894E00EAEF93 /* SQLite.framework */; };
		02E5BB6A21DB89FB00EAEF93 /* SQLite.framework in Embed Frameworks */ = {isa = PBXBuildFile; fileRef = 02E5BB5A21DB894E00EAEF93 /* SQLite.framework */; settings = {ATTRIBUTES = (CodeSignOnCopy, RemoveHeadersOnCopy, ); }; };
		02E5BB6F21DB8B3300EAEF93 /* TaskViewController.swift in Sources */ = {isa = PBXBuildFile; fileRef = 02E5BB6E21DB8B3300EAEF93 /* TaskViewController.swift */; };
		02E5BB7121DB8D5E00EAEF93 /* Task.swift in Sources */ = {isa = PBXBuildFile; fileRef = 02E5BB7021DB8D5E00EAEF93 /* Task.swift */; };
/* End PBXBuildFile section */

/* Begin PBXContainerItemProxy section */
		02E5BB3321DB88F800EAEF93 /* PBXContainerItemProxy */ = {
			isa = PBXContainerItemProxy;
			containerPortal = 02E5BB1621DB88F400EAEF93 /* Project object */;
			proxyType = 1;
			remoteGlobalIDString = 02E5BB1D21DB88F400EAEF93;
			remoteInfo = MinimalTodo;
		};
		02E5BB3E21DB88F800EAEF93 /* PBXContainerItemProxy */ = {
			isa = PBXContainerItemProxy;
			containerPortal = 02E5BB1621DB88F400EAEF93 /* Project object */;
			proxyType = 1;
			remoteGlobalIDString = 02E5BB1D21DB88F400EAEF93;
			remoteInfo = MinimalTodo;
		};
		02E5BB5921DB894E00EAEF93 /* PBXContainerItemProxy */ = {
			isa = PBXContainerItemProxy;
			containerPortal = 02E5BB4F21DB894D00EAEF93 /* SQLite.xcodeproj */;
			proxyType = 2;
			remoteGlobalIDString = EE247AD31C3F04ED00AE3E12;
			remoteInfo = "SQLite iOS";
		};
		02E5BB5B21DB894E00EAEF93 /* PBXContainerItemProxy */ = {
			isa = PBXContainerItemProxy;
			containerPortal = 02E5BB4F21DB894D00EAEF93 /* SQLite.xcodeproj */;
			proxyType = 2;
			remoteGlobalIDString = EE247ADD1C3F04ED00AE3E12;
			remoteInfo = "SQLiteTests iOS";
		};
		02E5BB5D21DB894E00EAEF93 /* PBXContainerItemProxy */ = {
			isa = PBXContainerItemProxy;
			containerPortal = 02E5BB4F21DB894D00EAEF93 /* SQLite.xcodeproj */;
			proxyType = 2;
			remoteGlobalIDString = EE247B3C1C3F3ED000AE3E12;
			remoteInfo = "SQLite Mac";
		};
		02E5BB5F21DB894E00EAEF93 /* PBXContainerItemProxy */ = {
			isa = PBXContainerItemProxy;
			containerPortal = 02E5BB4F21DB894D00EAEF93 /* SQLite.xcodeproj */;
			proxyType = 2;
			remoteGlobalIDString = EE247B451C3F3ED000AE3E12;
			remoteInfo = "SQLiteTests Mac";
		};
		02E5BB6121DB894E00EAEF93 /* PBXContainerItemProxy */ = {
			isa = PBXContainerItemProxy;
			containerPortal = 02E5BB4F21DB894D00EAEF93 /* SQLite.xcodeproj */;
			proxyType = 2;
			remoteGlobalIDString = 03A65E5A1C6BB0F50062603F;
			remoteInfo = "SQLite tvOS";
		};
		02E5BB6321DB894E00EAEF93 /* PBXContainerItemProxy */ = {
			isa = PBXContainerItemProxy;
			containerPortal = 02E5BB4F21DB894D00EAEF93 /* SQLite.xcodeproj */;
			proxyType = 2;
			remoteGlobalIDString = 03A65E631C6BB0F60062603F;
			remoteInfo = "SQLiteTests tvOS";
		};
		02E5BB6521DB894E00EAEF93 /* PBXContainerItemProxy */ = {
			isa = PBXContainerItemProxy;
			containerPortal = 02E5BB4F21DB894D00EAEF93 /* SQLite.xcodeproj */;
			proxyType = 2;
			remoteGlobalIDString = A121AC451CA35C79005A31D1;
			remoteInfo = "SQLite watchOS";
		};
		02E5BB6B21DB89FB00EAEF93 /* PBXContainerItemProxy */ = {
			isa = PBXContainerItemProxy;
			containerPortal = 02E5BB4F21DB894D00EAEF93 /* SQLite.xcodeproj */;
			proxyType = 1;
			remoteGlobalIDString = EE247AD21C3F04ED00AE3E12;
			remoteInfo = "SQLite iOS";
		};
/* End PBXContainerItemProxy section */

/* Begin PBXCopyFilesBuildPhase section */
		02E5BB6D21DB89FB00EAEF93 /* Embed Frameworks */ = {
			isa = PBXCopyFilesBuildPhase;
			buildActionMask = 2147483647;
			dstPath = "";
			dstSubfolderSpec = 10;
			files = (
				02E5BB6A21DB89FB00EAEF93 /* SQLite.framework in Embed Frameworks */,
			);
			name = "Embed Frameworks";
			runOnlyForDeploymentPostprocessing = 0;
		};
/* End PBXCopyFilesBuildPhase section */

/* Begin PBXFileReference section */
		020F1AF321DE53BB00C35E58 /* TaskCell.swift */ = {isa = PBXFileReference; lastKnownFileType = sourcecode.swift; path = TaskCell.swift; sourceTree = "<group>"; };
		0265136F21DCB662007A8227 /* DateTimeViewController.swift */ = {isa = PBXFileReference; lastKnownFileType = sourcecode.swift; path = DateTimeViewController.swift; sourceTree = "<group>"; };
		027C63BA21DC22E6003EED6A /* AddTodoViewController.swift */ = {isa = PBXFileReference; lastKnownFileType = sourcecode.swift; path = AddTodoViewController.swift; sourceTree = "<group>"; };
		02E5BB1E21DB88F400EAEF93 /* MinimalTodo.app */ = {isa = PBXFileReference; explicitFileType = wrapper.application; includeInIndex = 0; path = MinimalTodo.app; sourceTree = BUILT_PRODUCTS_DIR; };
		02E5BB2121DB88F400EAEF93 /* AppDelegate.swift */ = {isa = PBXFileReference; lastKnownFileType = sourcecode.swift; path = AppDelegate.swift; sourceTree = "<group>"; };
		02E5BB2621DB88F400EAEF93 /* Base */ = {isa = PBXFileReference; lastKnownFileType = file.storyboard; name = Base; path = Base.lproj/Main.storyboard; sourceTree = "<group>"; };
		02E5BB2821DB88F800EAEF93 /* Assets.xcassets */ = {isa = PBXFileReference; lastKnownFileType = folder.assetcatalog; path = Assets.xcassets; sourceTree = "<group>"; };
		02E5BB2B21DB88F800EAEF93 /* Base */ = {isa = PBXFileReference; lastKnownFileType = file.storyboard; name = Base; path = Base.lproj/LaunchScreen.storyboard; sourceTree = "<group>"; };
		02E5BB2D21DB88F800EAEF93 /* Info.plist */ = {isa = PBXFileReference; lastKnownFileType = text.plist.xml; path = Info.plist; sourceTree = "<group>"; };
		02E5BB3221DB88F800EAEF93 /* MinimalTodoTests.xctest */ = {isa = PBXFileReference; explicitFileType = wrapper.cfbundle; includeInIndex = 0; path = MinimalTodoTests.xctest; sourceTree = BUILT_PRODUCTS_DIR; };
		02E5BB3621DB88F800EAEF93 /* MinimalTodoTests.swift */ = {isa = PBXFileReference; lastKnownFileType = sourcecode.swift; path = MinimalTodoTests.swift; sourceTree = "<group>"; };
		02E5BB3821DB88F800EAEF93 /* Info.plist */ = {isa = PBXFileReference; lastKnownFileType = text.plist.xml; path = Info.plist; sourceTree = "<group>"; };
		02E5BB3D21DB88F800EAEF93 /* MinimalTodoUITests.xctest */ = {isa = PBXFileReference; explicitFileType = wrapper.cfbundle; includeInIndex = 0; path = MinimalTodoUITests.xctest; sourceTree = BUILT_PRODUCTS_DIR; };
		02E5BB4121DB88F800EAEF93 /* MinimalTodoUITests.swift */ = {isa = PBXFileReference; lastKnownFileType = sourcecode.swift; path = MinimalTodoUITests.swift; sourceTree = "<group>"; };
		02E5BB4321DB88F800EAEF93 /* Info.plist */ = {isa = PBXFileReference; lastKnownFileType = text.plist.xml; path = Info.plist; sourceTree = "<group>"; };
		02E5BB4F21DB894D00EAEF93 /* SQLite.xcodeproj */ = {isa = PBXFileReference; lastKnownFileType = "wrapper.pb-project"; name = SQLite.xcodeproj; path = "../../../Downloads/SQLite-4.swift-master/SQLite.xcodeproj"; sourceTree = "<group>"; };
		02E5BB6E21DB8B3300EAEF93 /* TaskViewController.swift */ = {isa = PBXFileReference; lastKnownFileType = sourcecode.swift; path = TaskViewController.swift; sourceTree = "<group>"; };
		02E5BB7021DB8D5E00EAEF93 /* Task.swift */ = {isa = PBXFileReference; lastKnownFileType = sourcecode.swift; path = Task.swift; sourceTree = "<group>"; };
/* End PBXFileReference section */

/* Begin PBXFrameworksBuildPhase section */
		02E5BB1B21DB88F400EAEF93 /* Frameworks */ = {
			isa = PBXFrameworksBuildPhase;
			buildActionMask = 2147483647;
			files = (
				02E5BB6921DB89FB00EAEF93 /* SQLite.framework in Frameworks */,
				02E5BB6821DB89F500EAEF93 /* SQLite.framework in Frameworks */,
			);
			runOnlyForDeploymentPostprocessing = 0;
		};
		02E5BB2F21DB88F800EAEF93 /* Frameworks */ = {
			isa = PBXFrameworksBuildPhase;
			buildActionMask = 2147483647;
			files = (
			);
			runOnlyForDeploymentPostprocessing = 0;
		};
		02E5BB3A21DB88F800EAEF93 /* Frameworks */ = {
			isa = PBXFrameworksBuildPhase;
			buildActionMask = 2147483647;
			files = (
			);
			runOnlyForDeploymentPostprocessing = 0;
		};
/* End PBXFrameworksBuildPhase section */

/* Begin PBXGroup section */
		02E5BB1521DB88F400EAEF93 = {
			isa = PBXGroup;
			children = (
				02E5BB2021DB88F400EAEF93 /* MinimalTodo */,
				02E5BB3521DB88F800EAEF93 /* MinimalTodoTests */,
				02E5BB4021DB88F800EAEF93 /* MinimalTodoUITests */,
				02E5BB1F21DB88F400EAEF93 /* Products */,
				02E5BB4F21DB894D00EAEF93 /* SQLite.xcodeproj */,
				02E5BB6721DB89F500EAEF93 /* Frameworks */,
			);
			sourceTree = "<group>";
		};
		02E5BB1F21DB88F400EAEF93 /* Products */ = {
			isa = PBXGroup;
			children = (
				02E5BB1E21DB88F400EAEF93 /* MinimalTodo.app */,
				02E5BB3221DB88F800EAEF93 /* MinimalTodoTests.xctest */,
				02E5BB3D21DB88F800EAEF93 /* MinimalTodoUITests.xctest */,
			);
			name = Products;
			sourceTree = "<group>";
		};
		02E5BB2021DB88F400EAEF93 /* MinimalTodo */ = {
			isa = PBXGroup;
			children = (
				02E5BB2121DB88F400EAEF93 /* AppDelegate.swift */,
				02E5BB7021DB8D5E00EAEF93 /* Task.swift */,
				02E5BB6E21DB8B3300EAEF93 /* TaskViewController.swift */,
				027C63BA21DC22E6003EED6A /* AddTodoViewController.swift */,
				0265136F21DCB662007A8227 /* DateTimeViewController.swift */,
				020F1AF321DE53BB00C35E58 /* TaskCell.swift */,
				02E5BB2521DB88F400EAEF93 /* Main.storyboard */,
				02E5BB2821DB88F800EAEF93 /* Assets.xcassets */,
				02E5BB2A21DB88F800EAEF93 /* LaunchScreen.storyboard */,
				02E5BB2D21DB88F800EAEF93 /* Info.plist */,
			);
			path = MinimalTodo;
			sourceTree = "<group>";
		};
		02E5BB3521DB88F800EAEF93 /* MinimalTodoTests */ = {
			isa = PBXGroup;
			children = (
				02E5BB3621DB88F800EAEF93 /* MinimalTodoTests.swift */,
				02E5BB3821DB88F800EAEF93 /* Info.plist */,
			);
			path = MinimalTodoTests;
			sourceTree = "<group>";
		};
		02E5BB4021DB88F800EAEF93 /* MinimalTodoUITests */ = {
			isa = PBXGroup;
			children = (
				02E5BB4121DB88F800EAEF93 /* MinimalTodoUITests.swift */,
				02E5BB4321DB88F800EAEF93 /* Info.plist */,
			);
			path = MinimalTodoUITests;
			sourceTree = "<group>";
		};
		02E5BB5021DB894D00EAEF93 /* Products */ = {
			isa = PBXGroup;
			children = (
				02E5BB5A21DB894E00EAEF93 /* SQLite.framework */,
				02E5BB5C21DB894E00EAEF93 /* SQLiteTests iOS.xctest */,
				02E5BB5E21DB894E00EAEF93 /* SQLite.framework */,
				02E5BB6021DB894E00EAEF93 /* SQLiteTests Mac.xctest */,
				02E5BB6221DB894E00EAEF93 /* SQLite.framework */,
				02E5BB6421DB894E00EAEF93 /* SQLiteTests tvOS.xctest */,
				02E5BB6621DB894E00EAEF93 /* SQLite.framework */,
			);
			name = Products;
			sourceTree = "<group>";
		};
		02E5BB6721DB89F500EAEF93 /* Frameworks */ = {
			isa = PBXGroup;
			children = (
			);
			name = Frameworks;
			sourceTree = "<group>";
		};
/* End PBXGroup section */

/* Begin PBXNativeTarget section */
		02E5BB1D21DB88F400EAEF93 /* MinimalTodo */ = {
			isa = PBXNativeTarget;
			buildConfigurationList = 02E5BB4621DB88F800EAEF93 /* Build configuration list for PBXNativeTarget "MinimalTodo" */;
			buildPhases = (
				02E5BB1A21DB88F400EAEF93 /* Sources */,
				02E5BB1B21DB88F400EAEF93 /* Frameworks */,
				02E5BB1C21DB88F400EAEF93 /* Resources */,
				02E5BB6D21DB89FB00EAEF93 /* Embed Frameworks */,
			);
			buildRules = (
			);
			dependencies = (
				02E5BB6C21DB89FB00EAEF93 /* PBXTargetDependency */,
			);
			name = MinimalTodo;
			productName = MinimalTodo;
			productReference = 02E5BB1E21DB88F400EAEF93 /* MinimalTodo.app */;
			productType = "com.apple.product-type.application";
		};
		02E5BB3121DB88F800EAEF93 /* MinimalTodoTests */ = {
			isa = PBXNativeTarget;
			buildConfigurationList = 02E5BB4921DB88F800EAEF93 /* Build configuration list for PBXNativeTarget "MinimalTodoTests" */;
			buildPhases = (
				02E5BB2E21DB88F800EAEF93 /* Sources */,
				02E5BB2F21DB88F800EAEF93 /* Frameworks */,
				02E5BB3021DB88F800EAEF93 /* Resources */,
			);
			buildRules = (
			);
			dependencies = (
				02E5BB3421DB88F800EAEF93 /* PBXTargetDependency */,
			);
			name = MinimalTodoTests;
			productName = MinimalTodoTests;
			productReference = 02E5BB3221DB88F800EAEF93 /* MinimalTodoTests.xctest */;
			productType = "com.apple.product-type.bundle.unit-test";
		};
		02E5BB3C21DB88F800EAEF93 /* MinimalTodoUITests */ = {
			isa = PBXNativeTarget;
			buildConfigurationList = 02E5BB4C21DB88F800EAEF93 /* Build configuration list for PBXNativeTarget "MinimalTodoUITests" */;
			buildPhases = (
				02E5BB3921DB88F800EAEF93 /* Sources */,
				02E5BB3A21DB88F800EAEF93 /* Frameworks */,
				02E5BB3B21DB88F800EAEF93 /* Resources */,
			);
			buildRules = (
			);
			dependencies = (
				02E5BB3F21DB88F800EAEF93 /* PBXTargetDependency */,
			);
			name = MinimalTodoUITests;
			productName = MinimalTodoUITests;
			productReference = 02E5BB3D21DB88F800EAEF93 /* MinimalTodoUITests.xctest */;
			productType = "com.apple.product-type.bundle.ui-testing";
		};
/* End PBXNativeTarget section */

/* Begin PBXProject section */
		02E5BB1621DB88F400EAEF93 /* Project object */ = {
			isa = PBXProject;
			attributes = {
				LastSwiftUpdateCheck = 1010;
				LastUpgradeCheck = 1010;
				ORGANIZATIONNAME = "Phuc Nguyen";
				TargetAttributes = {
					02E5BB1D21DB88F400EAEF93 = {
						CreatedOnToolsVersion = 10.1;
					};
					02E5BB3121DB88F800EAEF93 = {
						CreatedOnToolsVersion = 10.1;
						TestTargetID = 02E5BB1D21DB88F400EAEF93;
					};
					02E5BB3C21DB88F800EAEF93 = {
						CreatedOnToolsVersion = 10.1;
						TestTargetID = 02E5BB1D21DB88F400EAEF93;
					};
				};
			};
			buildConfigurationList = 02E5BB1921DB88F400EAEF93 /* Build configuration list for PBXProject "MinimalTodo" */;
			compatibilityVersion = "Xcode 9.3";
			developmentRegion = en;
			hasScannedForEncodings = 0;
			knownRegions = (
				en,
				Base,
			);
			mainGroup = 02E5BB1521DB88F400EAEF93;
			productRefGroup = 02E5BB1F21DB88F400EAEF93 /* Products */;
			projectDirPath = "";
			projectReferences = (
				{
					ProductGroup = 02E5BB5021DB894D00EAEF93 /* Products */;
					ProjectRef = 02E5BB4F21DB894D00EAEF93 /* SQLite.xcodeproj */;
				},
			);
			projectRoot = "";
			targets = (
				02E5BB1D21DB88F400EAEF93 /* MinimalTodo */,
				02E5BB3121DB88F800EAEF93 /* MinimalTodoTests */,
				02E5BB3C21DB88F800EAEF93 /* MinimalTodoUITests */,
			);
		};
/* End PBXProject section */

/* Begin PBXReferenceProxy section */
		02E5BB5A21DB894E00EAEF93 /* SQLite.framework */ = {
			isa = PBXReferenceProxy;
			fileType = wrapper.framework;
			path = SQLite.framework;
			remoteRef = 02E5BB5921DB894E00EAEF93 /* PBXContainerItemProxy */;
			sourceTree = BUILT_PRODUCTS_DIR;
		};
		02E5BB5C21DB894E00EAEF93 /* SQLiteTests iOS.xctest */ = {
			isa = PBXReferenceProxy;
			fileType = wrapper.cfbundle;
			path = "SQLiteTests iOS.xctest";
			remoteRef = 02E5BB5B21DB894E00EAEF93 /* PBXContainerItemProxy */;
			sourceTree = BUILT_PRODUCTS_DIR;
		};
		02E5BB5E21DB894E00EAEF93 /* SQLite.framework */ = {
			isa = PBXReferenceProxy;
			fileType = wrapper.framework;
			path = SQLite.framework;
			remoteRef = 02E5BB5D21DB894E00EAEF93 /* PBXContainerItemProxy */;
			sourceTree = BUILT_PRODUCTS_DIR;
		};
		02E5BB6021DB894E00EAEF93 /* SQLiteTests Mac.xctest */ = {
			isa = PBXReferenceProxy;
			fileType = wrapper.cfbundle;
			path = "SQLiteTests Mac.xctest";
			remoteRef = 02E5BB5F21DB894E00EAEF93 /* PBXContainerItemProxy */;
			sourceTree = BUILT_PRODUCTS_DIR;
		};
		02E5BB6221DB894E00EAEF93 /* SQLite.framework */ = {
			isa = PBXReferenceProxy;
			fileType = wrapper.framework;
			path = SQLite.framework;
			remoteRef = 02E5BB6121DB894E00EAEF93 /* PBXContainerItemProxy */;
			sourceTree = BUILT_PRODUCTS_DIR;
		};
		02E5BB6421DB894E00EAEF93 /* SQLiteTests tvOS.xctest */ = {
			isa = PBXReferenceProxy;
			fileType = wrapper.cfbundle;
			path = "SQLiteTests tvOS.xctest";
			remoteRef = 02E5BB6321DB894E00EAEF93 /* PBXContainerItemProxy */;
			sourceTree = BUILT_PRODUCTS_DIR;
		};
		02E5BB6621DB894E00EAEF93 /* SQLite.framework */ = {
			isa = PBXReferenceProxy;
			fileType = wrapper.framework;
			path = SQLite.framework;
			remoteRef = 02E5BB6521DB894E00EAEF93 /* PBXContainerItemProxy */;
			sourceTree = BUILT_PRODUCTS_DIR;
		};
/* End PBXReferenceProxy section */

/* Begin PBXResourcesBuildPhase section */
		02E5BB1C21DB88F400EAEF93 /* Resources */ = {
			isa = PBXResourcesBuildPhase;
			buildActionMask = 2147483647;
			files = (
				02E5BB2C21DB88F800EAEF93 /* LaunchScreen.storyboard in Resources */,
				02E5BB2921DB88F800EAEF93 /* Assets.xcassets in Resources */,
				02E5BB2721DB88F400EAEF93 /* Main.storyboard in Resources */,
			);
			runOnlyForDeploymentPostprocessing = 0;
		};
		02E5BB3021DB88F800EAEF93 /* Resources */ = {
			isa = PBXResourcesBuildPhase;
			buildActionMask = 2147483647;
			files = (
			);
			runOnlyForDeploymentPostprocessing = 0;
		};
		02E5BB3B21DB88F800EAEF93 /* Resources */ = {
			isa = PBXResourcesBuildPhase;
			buildActionMask = 2147483647;
			files = (
			);
			runOnlyForDeploymentPostprocessing = 0;
		};
/* End PBXResourcesBuildPhase section */

/* Begin PBXSourcesBuildPhase section */
		02E5BB1A21DB88F400EAEF93 /* Sources */ = {
			isa = PBXSourcesBuildPhase;
			buildActionMask = 2147483647;
			files = (
				027C63BB21DC22E6003EED6A /* AddTodoViewController.swift in Sources */,
				02E5BB6F21DB8B3300EAEF93 /* TaskViewController.swift in Sources */,
				02E5BB7121DB8D5E00EAEF93 /* Task.swift in Sources */,
				0265137021DCB662007A8227 /* DateTimeViewController.swift in Sources */,
				020F1AF421DE53BB00C35E58 /* TaskCell.swift in Sources */,
				02E5BB2221DB88F400EAEF93 /* AppDelegate.swift in Sources */,
			);
			runOnlyForDeploymentPostprocessing = 0;
		};
		02E5BB2E21DB88F800EAEF93 /* Sources */ = {
			isa = PBXSourcesBuildPhase;
			buildActionMask = 2147483647;
			files = (
				02E5BB3721DB88F800EAEF93 /* MinimalTodoTests.swift in Sources */,
			);
			runOnlyForDeploymentPostprocessing = 0;
		};
		02E5BB3921DB88F800EAEF93 /* Sources */ = {
			isa = PBXSourcesBuildPhase;
			buildActionMask = 2147483647;
			files = (
				02E5BB4221DB88F800EAEF93 /* MinimalTodoUITests.swift in Sources */,
			);
			runOnlyForDeploymentPostprocessing = 0;
		};
/* End PBXSourcesBuildPhase section */

/* Begin PBXTargetDependency section */
		02E5BB3421DB88F800EAEF93 /* PBXTargetDependency */ = {
			isa = PBXTargetDependency;
			target = 02E5BB1D21DB88F400EAEF93 /* MinimalTodo */;
			targetProxy = 02E5BB3321DB88F800EAEF93 /* PBXContainerItemProxy */;
		};
		02E5BB3F21DB88F800EAEF93 /* PBXTargetDependency */ = {
			isa = PBXTargetDependency;
			target = 02E5BB1D21DB88F400EAEF93 /* MinimalTodo */;
			targetProxy = 02E5BB3E21DB88F800EAEF93 /* PBXContainerItemProxy */;
		};
		02E5BB6C21DB89FB00EAEF93 /* PBXTargetDependency */ = {
			isa = PBXTargetDependency;
			name = "SQLite iOS";
			targetProxy = 02E5BB6B21DB89FB00EAEF93 /* PBXContainerItemProxy */;
		};
/* End PBXTargetDependency section */

/* Begin PBXVariantGroup section */
		02E5BB2521DB88F400EAEF93 /* Main.storyboard */ = {
			isa = PBXVariantGroup;
			children = (
				02E5BB2621DB88F400EAEF93 /* Base */,
			);
			name = Main.storyboard;
			sourceTree = "<group>";
		};
		02E5BB2A21DB88F800EAEF93 /* LaunchScreen.storyboard */ = {
			isa = PBXVariantGroup;
			children = (
				02E5BB2B21DB88F800EAEF93 /* Base */,
			);
			name = LaunchScreen.storyboard;
			sourceTree = "<group>";
		};
/* End PBXVariantGroup section */

/* Begin XCBuildConfiguration section */
		02E5BB4421DB88F800EAEF93 /* Debug */ = {
			isa = XCBuildConfiguration;
			buildSettings = {
				ALWAYS_SEARCH_USER_PATHS = NO;
				CLANG_ANALYZER_NONNULL = YES;
				CLANG_ANALYZER_NUMBER_OBJECT_CONVERSION = YES_AGGRESSIVE;
				CLANG_CXX_LANGUAGE_STANDARD = "gnu++14";
				CLANG_CXX_LIBRARY = "libc++";
				CLANG_ENABLE_MODULES = YES;
				CLANG_ENABLE_OBJC_ARC = YES;
				CLANG_ENABLE_OBJC_WEAK = YES;
				CLANG_WARN_BLOCK_CAPTURE_AUTORELEASING = YES;
				CLANG_WARN_BOOL_CONVERSION = YES;
				CLANG_WARN_COMMA = YES;
				CLANG_WARN_CONSTANT_CONVERSION = YES;
				CLANG_WARN_DEPRECATED_OBJC_IMPLEMENTATIONS = YES;
				CLANG_WARN_DIRECT_OBJC_ISA_USAGE = YES_ERROR;
				CLANG_WARN_DOCUMENTATION_COMMENTS = YES;
				CLANG_WARN_EMPTY_BODY = YES;
				CLANG_WARN_ENUM_CONVERSION = YES;
				CLANG_WARN_INFINITE_RECURSION = YES;
				CLANG_WARN_INT_CONVERSION = YES;
				CLANG_WARN_NON_LITERAL_NULL_CONVERSION = YES;
				CLANG_WARN_OBJC_IMPLICIT_RETAIN_SELF = YES;
				CLANG_WARN_OBJC_LITERAL_CONVERSION = YES;
				CLANG_WARN_OBJC_ROOT_CLASS = YES_ERROR;
				CLANG_WARN_RANGE_LOOP_ANALYSIS = YES;
				CLANG_WARN_STRICT_PROTOTYPES = YES;
				CLANG_WARN_SUSPICIOUS_MOVE = YES;
				CLANG_WARN_UNGUARDED_AVAILABILITY = YES_AGGRESSIVE;
				CLANG_WARN_UNREACHABLE_CODE = YES;
				CLANG_WARN__DUPLICATE_METHOD_MATCH = YES;
				CODE_SIGN_IDENTITY = "iPhone Developer";
				COPY_PHASE_STRIP = NO;
				DEBUG_INFORMATION_FORMAT = dwarf;
				ENABLE_STRICT_OBJC_MSGSEND = YES;
				ENABLE_TESTABILITY = YES;
				GCC_C_LANGUAGE_STANDARD = gnu11;
				GCC_DYNAMIC_NO_PIC = NO;
				GCC_NO_COMMON_BLOCKS = YES;
				GCC_OPTIMIZATION_LEVEL = 0;
				GCC_PREPROCESSOR_DEFINITIONS = (
					"DEBUG=1",
					"$(inherited)",
				);
				GCC_WARN_64_TO_32_BIT_CONVERSION = YES;
				GCC_WARN_ABOUT_RETURN_TYPE = YES_ERROR;
				GCC_WARN_UNDECLARED_SELECTOR = YES;
				GCC_WARN_UNINITIALIZED_AUTOS = YES_AGGRESSIVE;
				GCC_WARN_UNUSED_FUNCTION = YES;
				GCC_WARN_UNUSED_VARIABLE = YES;
				IPHONEOS_DEPLOYMENT_TARGET = 12.1;
				MTL_ENABLE_DEBUG_INFO = INCLUDE_SOURCE;
				MTL_FAST_MATH = YES;
				ONLY_ACTIVE_ARCH = YES;
				SDKROOT = iphoneos;
				SWIFT_ACTIVE_COMPILATION_CONDITIONS = DEBUG;
				SWIFT_OPTIMIZATION_LEVEL = "-Onone";
			};
			name = Debug;
		};
		02E5BB4521DB88F800EAEF93 /* Release */ = {
			isa = XCBuildConfiguration;
			buildSettings = {
				ALWAYS_SEARCH_USER_PATHS = NO;
				CLANG_ANALYZER_NONNULL = YES;
				CLANG_ANALYZER_NUMBER_OBJECT_CONVERSION = YES_AGGRESSIVE;
				CLANG_CXX_LANGUAGE_STANDARD = "gnu++14";
				CLANG_CXX_LIBRARY = "libc++";
				CLANG_ENABLE_MODULES = YES;
				CLANG_ENABLE_OBJC_ARC = YES;
				CLANG_ENABLE_OBJC_WEAK = YES;
				CLANG_WARN_BLOCK_CAPTURE_AUTORELEASING = YES;
				CLANG_WARN_BOOL_CONVERSION = YES;
				CLANG_WARN_COMMA = YES;
				CLANG_WARN_CONSTANT_CONVERSION = YES;
				CLANG_WARN_DEPRECATED_OBJC_IMPLEMENTATIONS = YES;
				CLANG_WARN_DIRECT_OBJC_ISA_USAGE = YES_ERROR;
				CLANG_WARN_DOCUMENTATION_COMMENTS = YES;
				CLANG_WARN_EMPTY_BODY = YES;
				CLANG_WARN_ENUM_CONVERSION = YES;
				CLANG_WARN_INFINITE_RECURSION = YES;
				CLANG_WARN_INT_CONVERSION = YES;
				CLANG_WARN_NON_LITERAL_NULL_CONVERSION = YES;
				CLANG_WARN_OBJC_IMPLICIT_RETAIN_SELF = YES;
				CLANG_WARN_OBJC_LITERAL_CONVERSION = YES;
				CLANG_WARN_OBJC_ROOT_CLASS = YES_ERROR;
				CLANG_WARN_RANGE_LOOP_ANALYSIS = YES;
				CLANG_WARN_STRICT_PROTOTYPES = YES;
				CLANG_WARN_SUSPICIOUS_MOVE = YES;
				CLANG_WARN_UNGUARDED_AVAILABILITY = YES_AGGRESSIVE;
				CLANG_WARN_UNREACHABLE_CODE = YES;
				CLANG_WARN__DUPLICATE_METHOD_MATCH = YES;
				CODE_SIGN_IDENTITY = "iPhone Developer";
				COPY_PHASE_STRIP = NO;
				DEBUG_INFORMATION_FORMAT = "dwarf-with-dsym";
				ENABLE_NS_ASSERTIONS = NO;
				ENABLE_STRICT_OBJC_MSGSEND = YES;
				GCC_C_LANGUAGE_STANDARD = gnu11;
				GCC_NO_COMMON_BLOCKS = YES;
				GCC_WARN_64_TO_32_BIT_CONVERSION = YES;
				GCC_WARN_ABOUT_RETURN_TYPE = YES_ERROR;
				GCC_WARN_UNDECLARED_SELECTOR = YES;
				GCC_WARN_UNINITIALIZED_AUTOS = YES_AGGRESSIVE;
				GCC_WARN_UNUSED_FUNCTION = YES;
				GCC_WARN_UNUSED_VARIABLE = YES;
				IPHONEOS_DEPLOYMENT_TARGET = 12.1;
				MTL_ENABLE_DEBUG_INFO = NO;
				MTL_FAST_MATH = YES;
				SDKROOT = iphoneos;
				SWIFT_COMPILATION_MODE = wholemodule;
				SWIFT_OPTIMIZATION_LEVEL = "-O";
				VALIDATE_PRODUCT = YES;
			};
			name = Release;
		};
		02E5BB4721DB88F800EAEF93 /* Debug */ = {
			isa = XCBuildConfiguration;
			buildSettings = {
				ALWAYS_EMBED_SWIFT_STANDARD_LIBRARIES = YES;
				ASSETCATALOG_COMPILER_APPICON_NAME = AppIcon;
				CODE_SIGN_STYLE = Automatic;
				INFOPLIST_FILE = MinimalTodo/Info.plist;
				LD_RUNPATH_SEARCH_PATHS = (
					"$(inherited)",
					"@executable_path/Frameworks",
				);
				PRODUCT_BUNDLE_IDENTIFIER = utt.if26.tp.MinimalTodo;
				PRODUCT_NAME = "$(TARGET_NAME)";
				SWIFT_VERSION = 4.2;
				TARGETED_DEVICE_FAMILY = "1,2";
			};
			name = Debug;
		};
		02E5BB4821DB88F800EAEF93 /* Release */ = {
			isa = XCBuildConfiguration;
			buildSettings = {
				ALWAYS_EMBED_SWIFT_STANDARD_LIBRARIES = YES;
				ASSETCATALOG_COMPILER_APPICON_NAME = AppIcon;
				CODE_SIGN_STYLE = Automatic;
				INFOPLIST_FILE = MinimalTodo/Info.plist;
				LD_RUNPATH_SEARCH_PATHS = (
					"$(inherited)",
					"@executable_path/Frameworks",
				);
				PRODUCT_BUNDLE_IDENTIFIER = utt.if26.tp.MinimalTodo;
				PRODUCT_NAME = "$(TARGET_NAME)";
				SWIFT_VERSION = 4.2;
				TARGETED_DEVICE_FAMILY = "1,2";
			};
			name = Release;
		};
		02E5BB4A21DB88F800EAEF93 /* Debug */ = {
			isa = XCBuildConfiguration;
			buildSettings = {
				ALWAYS_EMBED_SWIFT_STANDARD_LIBRARIES = YES;
				BUNDLE_LOADER = "$(TEST_HOST)";
				CODE_SIGN_STYLE = Automatic;
				INFOPLIST_FILE = MinimalTodoTests/Info.plist;
				LD_RUNPATH_SEARCH_PATHS = (
					"$(inherited)",
					"@executable_path/Frameworks",
					"@loader_path/Frameworks",
				);
				PRODUCT_BUNDLE_IDENTIFIER = utt.if26.tp.MinimalTodoTests;
				PRODUCT_NAME = "$(TARGET_NAME)";
				SWIFT_VERSION = 4.2;
				TARGETED_DEVICE_FAMILY = "1,2";
				TEST_HOST = "$(BUILT_PRODUCTS_DIR)/MinimalTodo.app/MinimalTodo";
			};
			name = Debug;
		};
		02E5BB4B21DB88F800EAEF93 /* Release */ = {
			isa = XCBuildConfiguration;
			buildSettings = {
				ALWAYS_EMBED_SWIFT_STANDARD_LIBRARIES = YES;
				BUNDLE_LOADER = "$(TEST_HOST)";
				CODE_SIGN_STYLE = Automatic;
				INFOPLIST_FILE = MinimalTodoTests/Info.plist;
				LD_RUNPATH_SEARCH_PATHS = (
					"$(inherited)",
					"@executable_path/Frameworks",
					"@loader_path/Frameworks",
				);
				PRODUCT_BUNDLE_IDENTIFIER = utt.if26.tp.MinimalTodoTests;
				PRODUCT_NAME = "$(TARGET_NAME)";
				SWIFT_VERSION = 4.2;
				TARGETED_DEVICE_FAMILY = "1,2";
				TEST_HOST = "$(BUILT_PRODUCTS_DIR)/MinimalTodo.app/MinimalTodo";
			};
			name = Release;
		};
		02E5BB4D21DB88F800EAEF93 /* Debug */ = {
			isa = XCBuildConfiguration;
			buildSettings = {
				ALWAYS_EMBED_SWIFT_STANDARD_LIBRARIES = YES;
				CODE_SIGN_STYLE = Automatic;
				INFOPLIST_FILE = MinimalTodoUITests/Info.plist;
				LD_RUNPATH_SEARCH_PATHS = (
					"$(inherited)",
					"@executable_path/Frameworks",
					"@loader_path/Frameworks",
				);
				PRODUCT_BUNDLE_IDENTIFIER = utt.if26.tp.MinimalTodoUITests;
				PRODUCT_NAME = "$(TARGET_NAME)";
				SWIFT_VERSION = 4.2;
				TARGETED_DEVICE_FAMILY = "1,2";
				TEST_TARGET_NAME = MinimalTodo;
			};
			name = Debug;
		};
		02E5BB4E21DB88F800EAEF93 /* Release */ = {
			isa = XCBuildConfiguration;
			buildSettings = {
				ALWAYS_EMBED_SWIFT_STANDARD_LIBRARIES = YES;
				CODE_SIGN_STYLE = Automatic;
				INFOPLIST_FILE = MinimalTodoUITests/Info.plist;
				LD_RUNPATH_SEARCH_PATHS = (
					"$(inherited)",
					"@executable_path/Frameworks",
					"@loader_path/Frameworks",
				);
				PRODUCT_BUNDLE_IDENTIFIER = utt.if26.tp.MinimalTodoUITests;
				PRODUCT_NAME = "$(TARGET_NAME)";
				SWIFT_VERSION = 4.2;
				TARGETED_DEVICE_FAMILY = "1,2";
				TEST_TARGET_NAME = MinimalTodo;
			};
			name = Release;
		};
/* End XCBuildConfiguration section */

/* Begin XCConfigurationList section */
		02E5BB1921DB88F400EAEF93 /* Build configuration list for PBXProject "MinimalTodo" */ = {
			isa = XCConfigurationList;
			buildConfigurations = (
				02E5BB4421DB88F800EAEF93 /* Debug */,
				02E5BB4521DB88F800EAEF93 /* Release */,
			);
			defaultConfigurationIsVisible = 0;
			defaultConfigurationName = Release;
		};
		02E5BB4621DB88F800EAEF93 /* Build configuration list for PBXNativeTarget "MinimalTodo" */ = {
			isa = XCConfigurationList;
			buildConfigurations = (
				02E5BB4721DB88F800EAEF93 /* Debug */,
				02E5BB4821DB88F800EAEF93 /* Release */,
			);
			defaultConfigurationIsVisible = 0;
			defaultConfigurationName = Release;
		};
		02E5BB4921DB88F800EAEF93 /* Build configuration list for PBXNativeTarget "MinimalTodoTests" */ = {
			isa = XCConfigurationList;
			buildConfigurations = (
				02E5BB4A21DB88F800EAEF93 /* Debug */,
				02E5BB4B21DB88F800EAEF93 /* Release */,
			);
			defaultConfigurationIsVisible = 0;
			defaultConfigurationName = Release;
		};
		02E5BB4C21DB88F800EAEF93 /* Build configuration list for PBXNativeTarget "MinimalTodoUITests" */ = {
			isa = XCConfigurationList;
			buildConfigurations = (
				02E5BB4D21DB88F800EAEF93 /* Debug */,
				02E5BB4E21DB88F800EAEF93 /* Release */,
			);
			defaultConfigurationIsVisible = 0;
			defaultConfigurationName = Release;
		};
/* End XCConfigurationList section */
	};
	rootObject = 02E5BB1621DB88F400EAEF93 /* Project object */;
}
